
Microsoft Visual Studio Solution File, Format Version 12.00
# Visual Studio Version 17
VisualStudioVersion = 17.14.36414.22
MinimumVisualStudioVersion = 10.0.40219.1
Project("{FAE04EC0-301F-11D3-BF4B-00C04F79EFBC}") = "DataStream.API", "DataStream.API\DataStream.API.csproj", "{54C4D9EF-D3AE-4B16-A337-38E4FF97DF00}"
EndProject
Project("{FAE04EC0-301F-11D3-BF4B-00C04F79EFBC}") = "Consumer.API", "Consumer.API\Consumer.API.csproj", "{5B9EE0FE-81FF-4DD6-BD52-DC657DFD27F5}"
EndProject
Global
	GlobalSection(SolutionConfigurationPlatforms) = preSolution
		Debug|Any CPU = Debug|Any CPU
		Release|Any CPU = Release|Any CPU
	EndGlobalSection
	GlobalSection(ProjectConfigurationPlatforms) = postSolution
		{54C4D9EF-D3AE-4B16-A337-38E4FF97DF00}.Debug|Any CPU.ActiveCfg = Debug|Any CPU
		{54C4D9EF-D3AE-4B16-A337-38E4FF97DF00}.Debug|Any CPU.Build.0 = Debug|Any CPU
		{54C4D9EF-D3AE-4B16-A337-38E4FF97DF00}.Release|Any CPU.ActiveCfg = Release|Any CPU
		{54C4D9EF-D3AE-4B16-A337-38E4FF97DF00}.Release|Any CPU.Build.0 = Release|Any CPU
		{5B9EE0FE-81FF-4DD6-BD52-DC657DFD27F5}.Debug|Any CPU.ActiveCfg = Debug|Any CPU
		{5B9EE0FE-81FF-4DD6-BD52-DC657DFD27F5}.Debug|Any CPU.Build.0 = Debug|Any CPU
		{5B9EE0FE-81FF-4DD6-BD52-DC657DFD27F5}.Release|Any CPU.ActiveCfg = Release|Any CPU
		{5B9EE0FE-81FF-4DD6-BD52-DC657DFD27F5}.Release|Any CPU.Build.0 = Release|Any CPU
	EndGlobalSection
	GlobalSection(SolutionProperties) = preSolution
		HideSolutionNode = FALSE
	EndGlobalSection
	GlobalSection(ExtensibilityGlobals) = postSolution
		SolutionGuid = {DAC8886C-79ED-4E16-B773-874E0F009C3D}
	EndGlobalSection
EndGlobal
